// !$*UTF8*$!
{
	archiveVersion = 1;
	classes = {
	};
	objectVersion = 46;
	objects = {

/* Begin PBXBuildFile section */
		71DF29A01C64A406007B5E15 /* AppDelegate.swift in Sources */ = {isa = PBXBuildFile; fileRef = 71DF299F1C64A406007B5E15 /* AppDelegate.swift */; };
		71DF29A21C64A406007B5E15 /* ViewController.swift in Sources */ = {isa = PBXBuildFile; fileRef = 71DF29A11C64A406007B5E15 /* ViewController.swift */; };
		71DF29A51C64A406007B5E15 /* Main.storyboard in Resources */ = {isa = PBXBuildFile; fileRef = 71DF29A31C64A406007B5E15 /* Main.storyboard */; };
		71DF29A71C64A406007B5E15 /* Assets.xcassets in Resources */ = {isa = PBXBuildFile; fileRef = 71DF29A61C64A406007B5E15 /* Assets.xcassets */; };
		71DF29AA1C64A406007B5E15 /* LaunchScreen.storyboard in Resources */ = {isa = PBXBuildFile; fileRef = 71DF29A81C64A406007B5E15 /* LaunchScreen.storyboard */; };
		71DF29B41C64A4E1007B5E15 /* board.png in Resources */ = {isa = PBXBuildFile; fileRef = 71DF29B11C64A4E1007B5E15 /* board.png */; };
		71DF29B51C64A4E1007B5E15 /* cross.png in Resources */ = {isa = PBXBuildFile; fileRef = 71DF29B21C64A4E1007B5E15 /* cross.png */; };
		71DF29B61C64A4E1007B5E15 /* nought.png in Resources */ = {isa = PBXBuildFile; fileRef = 71DF29B31C64A4E1007B5E15 /* nought.png */; };
/* End PBXBuildFile section */

/* Begin PBXFileReference section */
		71DF299C1C64A406007B5E15 /* Noughts and Crosses.app */ = {isa = PBXFileReference; explicitFileType = wrapper.application; includeInIndex = 0; path = "Noughts and Crosses.app"; sourceTree = BUILT_PRODUCTS_DIR; };
		71DF299F1C64A406007B5E15 /* AppDelegate.swift */ = {isa = PBXFileReference; lastKnownFileType = sourcecode.swift; path = AppDelegate.swift; sourceTree = "<group>"; };
		71DF29A11C64A406007B5E15 /* ViewController.swift */ = {isa = PBXFileReference; lastKnownFileType = sourcecode.swift; path = ViewController.swift; sourceTree = "<group>"; };
		71DF29A41C64A406007B5E15 /* Base */ = {isa = PBXFileReference; lastKnownFileType = file.storyboard; name = Base; path = Base.lproj/Main.storyboard; sourceTree = "<group>"; };
		71DF29A61C64A406007B5E15 /* Assets.xcassets */ = {isa = PBXFileReference; lastKnownFileType = folder.assetcatalog; path = Assets.xcassets; sourceTree = "<group>"; };
		71DF29A91C64A406007B5E15 /* Base */ = {isa = PBXFileReference; lastKnownFileType = file.storyboard; name = Base; path = Base.lproj/LaunchScreen.storyboard; sourceTree = "<group>"; };
		71DF29AB1C64A406007B5E15 /* Info.plist */ = {isa = PBXFileReference; lastKnownFileType = text.plist.xml; path = Info.plist; sourceTree = "<group>"; };
		71DF29B11C64A4E1007B5E15 /* board.png */ = {isa = PBXFileReference; lastKnownFileType = image.png; path = board.png; sourceTree = "<group>"; };
		71DF29B21C64A4E1007B5E15 /* cross.png */ = {isa = PBXFileReference; lastKnownFileType = image.png; path = cross.png; sourceTree = "<group>"; };
		71DF29B31C64A4E1007B5E15 /* nought.png */ = {isa = PBXFileReference; lastKnownFileType = image.png; path = nought.png; sourceTree = "<group>"; };
/* End PBXFileReference section */

/* Begin PBXFrameworksBuildPhase section */
		71DF29991C64A406007B5E15 /* Frameworks */ = {
			isa = PBXFrameworksBuildPhase;
			buildActionMask = 2147483647;
			files = (
			);
			runOnlyForDeploymentPostprocessing = 0;
		};
/* End PBXFrameworksBuildPhase section */

/* Begin PBXGroup section */
		71DF29931C64A406007B5E15 = {
			isa = PBXGroup;
			children = (
				71DF299E1C64A406007B5E15 /* Noughts and Crosses */,
				71DF299D1C64A406007B5E15 /* Products */,
			);
			sourceTree = "<group>";
		};
		71DF299D1C64A406007B5E15 /* Products */ = {
			isa = PBXGroup;
			children = (
				71DF299C1C64A406007B5E15 /* Noughts and Crosses.app */,
			);
			name = Products;
			sourceTree = "<group>";
		};
		71DF299E1C64A406007B5E15 /* Noughts and Crosses */ = {
			isa = PBXGroup;
			children = (
				71DF299F1C64A406007B5E15 /* AppDelegate.swift */,
				71DF29A11C64A406007B5E15 /* ViewController.swift */,
				71DF29A31C64A406007B5E15 /* Main.storyboard */,
				71DF29B11C64A4E1007B5E15 /* board.png */,
				71DF29B21C64A4E1007B5E15 /* cross.png */,
				71DF29B31C64A4E1007B5E15 /* nought.png */,
				71DF29A61C64A406007B5E15 /* Assets.xcassets */,
				71DF29A81C64A406007B5E15 /* LaunchScreen.storyboard */,
				71DF29AB1C64A406007B5E15 /* Info.plist */,
			);
			path = "Noughts and Crosses";
			sourceTree = "<group>";
		};
/* End PBXGroup section */

/* Begin PBXNativeTarget section */
		71DF299B1C64A406007B5E15 /* Noughts and Crosses */ = {
			isa = PBXNativeTarget;
			buildConfigurationList = 71DF29AE1C64A406007B5E15 /* Build configuration list for PBXNativeTarget "Noughts and Crosses" */;
			buildPhases = (
				71DF29981C64A406007B5E15 /* Sources */,
				71DF29991C64A406007B5E15 /* Frameworks */,
				71DF299A1C64A406007B5E15 /* Resources */,
			);
			buildRules = (
			);
			dependencies = (
			);
			name = "Noughts and Crosses";
			productName = "Noughts and Crosses";
			productReference = 71DF299C1C64A406007B5E15 /* Noughts and Crosses.app */;
			productType = "com.apple.product-type.application";
		};
/* End PBXNativeTarget section */

/* Begin PBXProject section */
		71DF29941C64A406007B5E15 /* Project object */ = {
			isa = PBXProject;
			attributes = {
				LastSwiftUpdateCheck = 0720;
				LastUpgradeCheck = 0720;
				ORGANIZATIONNAME = "Marton Zatrok";
				TargetAttributes = {
					71DF299B1C64A406007B5E15 = {
						CreatedOnToolsVersion = 7.2;
					};
				};
			};
			buildConfigurationList = 71DF29971C64A406007B5E15 /* Build configuration list for PBXProject "Noughts and Crosses" */;
			compatibilityVersion = "Xcode 3.2";
			developmentRegion = English;
			hasScannedForEncodings = 0;
			knownRegions = (
				en,
				Base,
			);
			mainGroup = 71DF29931C64A406007B5E15;
			productRefGroup = 71DF299D1C64A406007B5E15 /* Products */;
			projectDirPath = "";
			projectRoot = "";
			targets = (
				71DF299B1C64A406007B5E15 /* Noughts and Crosses */,
			);
		};
/* End PBXProject section */

/* Begin PBXResourcesBuildPhase section */
		71DF299A1C64A406007B5E15 /* Resources */ = {
			isa = PBXResourcesBuildPhase;
			buildActionMask = 2147483647;
			files = (
				71DF29B51C64A4E1007B5E15 /* cross.png in Resources */,
				71DF29B41C64A4E1007B5E15 /* board.png in Resources */,
				71DF29B61C64A4E1007B5E15 /* nought.png in Resources */,
				71DF29AA1C64A406007B5E15 /* LaunchScreen.storyboard in Resources */,
				71DF29A71C64A406007B5E15 /* Assets.xcassets in Resources */,
				71DF29A51C64A406007B5E15 /* Main.storyboard in Resources */,
			);
			runOnlyForDeploymentPostprocessing = 0;
		};
/* End PBXResourcesBuildPhase section */

/* Begin PBXSourcesBuildPhase section */
		71DF29981C64A406007B5E15 /* Sources */ = {
			isa = PBXSourcesBuildPhase;
			buildActionMask = 2147483647;
			files = (
				71DF29A21C64A406007B5E15 /* ViewController.swift in Sources */,
				71DF29A01C64A406007B5E15 /* AppDelegate.swift in Sources */,
			);
			runOnlyForDeploymentPostprocessing = 0;
		};
/* End PBXSourcesBuildPhase section */

/* Begin PBXVariantGroup section */
		71DF29A31C64A406007B5E15 /* Main.storyboard */ = {
			isa = PBXVariantGroup;
			children = (
				71DF29A41C64A406007B5E15 /* Base */,
			);
			name = Main.storyboard;
			sourceTree = "<group>";
		};
		71DF29A81C64A406007B5E15 /* LaunchScreen.storyboard */ = {
			isa = PBXVariantGroup;
			children = (
				71DF29A91C64A406007B5E15 /* Base */,
			);
			name = LaunchScreen.storyboard;
			sourceTree = "<group>";
		};
/* End PBXVariantGroup section */

/* Begin XCBuildConfiguration section */
		71DF29AC1C64A406007B5E15 /* Debug */ = {
			isa = XCBuildConfiguration;
			buildSettings = {
				ALWAYS_SEARCH_USER_PATHS = NO;
				CLANG_CXX_LANGUAGE_STANDARD = "gnu++0x";
				CLANG_CXX_LIBRARY = "libc++";
				CLANG_ENABLE_MODULES = YES;
				CLANG_ENABLE_OBJC_ARC = YES;
				CLANG_WARN_BOOL_CONVERSION = YES;
				CLANG_WARN_CONSTANT_CONVERSION = YES;
				CLANG_WARN_DIRECT_OBJC_ISA_USAGE = YES_ERROR;
				CLANG_WARN_EMPTY_BODY = YES;
				CLANG_WARN_ENUM_CONVERSION = YES;
				CLANG_WARN_INT_CONVERSION = YES;
				CLANG_WARN_OBJC_ROOT_CLASS = YES_ERROR;
				CLANG_WARN_UNREACHABLE_CODE = YES;
				CLANG_WARN__DUPLICATE_METHOD_MATCH = YES;
				"CODE_SIGN_IDENTITY[sdk=iphoneos*]" = "iPhone Developer";
				COPY_PHASE_STRIP = NO;
				DEBUG_INFORMATION_FORMAT = dwarf;
				ENABLE_STRICT_OBJC_MSGSEND = YES;
				ENABLE_TESTABILITY = YES;
				GCC_C_LANGUAGE_STANDARD = gnu99;
				GCC_DYNAMIC_NO_PIC = NO;
				GCC_NO_COMMON_BLOCKS = YES;
				GCC_OPTIMIZATION_LEVEL = 0;
				GCC_PREPROCESSOR_DEFINITIONS = (
					"DEBUG=1",
					"$(inherited)",
				);
				GCC_WARN_64_TO_32_BIT_CONVERSION = YES;
				GCC_WARN_ABOUT_RETURN_TYPE = YES_ERROR;
				GCC_WARN_UNDECLARED_SELECTOR = YES;
				GCC_WARN_UNINITIALIZED_AUTOS = YES_AGGRESSIVE;
				GCC_WARN_UNUSED_FUNCTION = YES;
				GCC_WARN_UNUSED_VARIABLE = YES;
				IPHONEOS_DEPLOYMENT_TARGET = 9.2;
				MTL_ENABLE_DEBUG_INFO = YES;
				ONLY_ACTIVE_ARCH = YES;
				SDKROOT = iphoneos;
				SWIFT_OPTIMIZATION_LEVEL = "-Onone";
			};
			name = Debug;
		};
		71DF29AD1C64A406007B5E15 /* Release */ = {
			isa = XCBuildConfiguration;
			buildSettings = {
				ALWAYS_SEARCH_USER_PATHS = NO;
				CLANG_CXX_LANGUAGE_STANDARD = "gnu++0x";
				CLANG_CXX_LIBRARY = "libc++";
				CLANG_ENABLE_MODULES = YES;
				CLANG_ENABLE_OBJC_ARC = YES;
				CLANG_WARN_BOOL_CONVERSION = YES;
				CLANG_WARN_CONSTANT_CONVERSION = YES;
				CLANG_WARN_DIRECT_OBJC_ISA_USAGE = YES_ERROR;
				CLANG_WARN_EMPTY_BODY = YES;
				CLANG_WARN_ENUM_CONVERSION = YES;
				CLANG_WARN_INT_CONVERSION = YES;
				CLANG_WARN_OBJC_ROOT_CLASS = YES_ERROR;
				CLANG_WARN_UNREACHABLE_CODE = YES;
				CLANG_WARN__DUPLICATE_METHOD_MATCH = YES;
				"CODE_SIGN_IDENTITY[sdk=iphoneos*]" = "iPhone Developer";
				COPY_PHASE_STRIP = NO;
				DEBUG_INFORMATION_FORMAT = "dwarf-with-dsym";
				ENABLE_NS_ASSERTIONS = NO;
				ENABLE_STRICT_OBJC_MSGSEND = YES;
				GCC_C_LANGUAGE_STANDARD = gnu99;
				GCC_NO_COMMON_BLOCKS = YES;
				GCC_WARN_64_TO_32_BIT_CONVERSION = YES;
				GCC_WARN_ABOUT_RETURN_TYPE = YES_ERROR;
				GCC_WARN_UNDECLARED_SELECTOR = YES;
				GCC_WARN_UNINITIALIZED_AUTOS = YES_AGGRESSIVE;
				GCC_WARN_UNUSED_FUNCTION = YES;
				GCC_WARN_UNUSED_VARIABLE = YES;
				IPHONEOS_DEPLOYMENT_TARGET = 9.2;
				MTL_ENABLE_DEBUG_INFO = NO;
				SDKROOT = iphoneos;
				VALIDATE_PRODUCT = YES;
			};
			name = Release;
		};
		71DF29AF1C64A406007B5E15 /* Debug */ = {
			isa = XCBuildConfiguration;
			buildSettings = {
				ASSETCATALOG_COMPILER_APPICON_NAME = AppIcon;
				INFOPLIST_FILE = "Noughts and Crosses/Info.plist";
				LD_RUNPATH_SEARCH_PATHS = "$(inherited) @executable_path/Frameworks";
				PRODUCT_BUNDLE_IDENTIFIER = "com.zmarton.Noughts-and-Crosses";
				PRODUCT_NAME = "$(TARGET_NAME)";
			};
			name = Debug;
		};
		71DF29B01C64A406007B5E15 /* Release */ = {
			isa = XCBuildConfiguration;
			buildSettings = {
				ASSETCATALOG_COMPILER_APPICON_NAME = AppIcon;
				INFOPLIST_FILE = "Noughts and Crosses/Info.plist";
				LD_RUNPATH_SEARCH_PATHS = "$(inherited) @executable_path/Frameworks";
				PRODUCT_BUNDLE_IDENTIFIER = "com.zmarton.Noughts-and-Crosses";
				PRODUCT_NAME = "$(TARGET_NAME)";
			};
			name = Release;
		};
/* End XCBuildConfiguration section */

/* Begin XCConfigurationList section */
		71DF29971C64A406007B5E15 /* Build configuration list for PBXProject "Noughts and Crosses" */ = {
			isa = XCConfigurationList;
			buildConfigurations = (
				71DF29AC1C64A406007B5E15 /* Debug */,
				71DF29AD1C64A406007B5E15 /* Release */,
			);
			defaultConfigurationIsVisible = 0;
			defaultConfigurationName = Release;
		};
		71DF29AE1C64A406007B5E15 /* Build configuration list for PBXNativeTarget "Noughts and Crosses" */ = {
			isa = XCConfigurationList;
			buildConfigurations = (
				71DF29AF1C64A406007B5E15 /* Debug */,
				71DF29B01C64A406007B5E15 /* Release */,
			);
			defaultConfigurationIsVisible = 0;
			defaultConfigurationName = Release;
		};
/* End XCConfigurationList section */
	};
	rootObject = 71DF29941C64A406007B5E15 /* Project object */;
}
